
Microsoft Visual Studio Solution File, Format Version 12.00
# Visual Studio 2013
VisualStudioVersion = 12.0.30501.0
MinimumVisualStudioVersion = 10.0.40219.1
Project("{2150E333-8FDC-42A3-9474-1A3956D46DE8}") = "CodeEval", "CodeEval", "{2257A532-52F6-4532-8547-E8BE97BFD209}"
EndProject
Project("{FAE04EC0-301F-11D3-BF4B-00C04F79EFBC}") = "CodeEval", "CodeEval\CodeEval.csproj", "{B92A96A3-BC01-4A4C-94DA-96ACB9938BEA}"
EndProject
Project("{FAE04EC0-301F-11D3-BF4B-00C04F79EFBC}") = "CodeEvalTest", "CodeEvalTest\CodeEvalTest.csproj", "{663FD9F3-4331-4AE1-BB41-3EB2F3ABBE75}"
EndProject
Project("{2150E333-8FDC-42A3-9474-1A3956D46DE8}") = "Katas", "Katas", "{3AD27A8E-7029-44BE-8E44-6177B133A5D9}"
EndProject
Project("{FAE04EC0-301F-11D3-BF4B-00C04F79EFBC}") = "Katas", "Katas\Katas.csproj", "{5D744CEF-E3AC-4190-A906-B3D6C954108C}"
EndProject
Project("{FAE04EC0-301F-11D3-BF4B-00C04F79EFBC}") = "KatasTest", "KatasTest\KatasTest.csproj", "{03A87145-E470-4AF9-B971-9A6259FE61EF}"
EndProject
Project("{2150E333-8FDC-42A3-9474-1A3956D46DE8}") = "CodeWars", "CodeWars", "{76B68DC1-D614-43EF-B578-7A858C901AF7}"
EndProject
Project("{FAE04EC0-301F-11D3-BF4B-00C04F79EFBC}") = "Codewars", "Codewars\Codewars.csproj", "{C6CD9C42-9067-4BAC-9BB2-ED4E7ED17374}"
EndProject
Project("{FAE04EC0-301F-11D3-BF4B-00C04F79EFBC}") = "Codewars.Test", "Codewars.Test\Codewars.Test.csproj", "{363944DD-D834-43EE-8E2C-A0BDAFD81B44}"
EndProject
Project("{2150E333-8FDC-42A3-9474-1A3956D46DE8}") = "HackerRank", "HackerRank", "{5BADBCBC-CC76-4B4A-A7EA-A264F3668836}"
EndProject
Project("{FAE04EC0-301F-11D3-BF4B-00C04F79EFBC}") = "HackerRank", "HackerRank\HackerRank.csproj", "{A1E7587E-5ECD-4040-BCD0-E9A98FA64F74}"
EndProject
Project("{FAE04EC0-301F-11D3-BF4B-00C04F79EFBC}") = "HackerRank.Test", "HackerRank.Test\HackerRank.Test.csproj", "{F9BFB84E-DFA0-4DDB-B34E-A7D5BCD289AA}"
EndProject
Global
	GlobalSection(SolutionConfigurationPlatforms) = preSolution
		Debug|Any CPU = Debug|Any CPU
		Release|Any CPU = Release|Any CPU
	EndGlobalSection
	GlobalSection(ProjectConfigurationPlatforms) = postSolution
		{B92A96A3-BC01-4A4C-94DA-96ACB9938BEA}.Debug|Any CPU.ActiveCfg = Debug|Any CPU
		{B92A96A3-BC01-4A4C-94DA-96ACB9938BEA}.Debug|Any CPU.Build.0 = Debug|Any CPU
		{B92A96A3-BC01-4A4C-94DA-96ACB9938BEA}.Release|Any CPU.ActiveCfg = Release|Any CPU
		{B92A96A3-BC01-4A4C-94DA-96ACB9938BEA}.Release|Any CPU.Build.0 = Release|Any CPU
		{663FD9F3-4331-4AE1-BB41-3EB2F3ABBE75}.Debug|Any CPU.ActiveCfg = Debug|Any CPU
		{663FD9F3-4331-4AE1-BB41-3EB2F3ABBE75}.Debug|Any CPU.Build.0 = Debug|Any CPU
		{663FD9F3-4331-4AE1-BB41-3EB2F3ABBE75}.Release|Any CPU.ActiveCfg = Release|Any CPU
		{663FD9F3-4331-4AE1-BB41-3EB2F3ABBE75}.Release|Any CPU.Build.0 = Release|Any CPU
		{5D744CEF-E3AC-4190-A906-B3D6C954108C}.Debug|Any CPU.ActiveCfg = Debug|Any CPU
		{5D744CEF-E3AC-4190-A906-B3D6C954108C}.Debug|Any CPU.Build.0 = Debug|Any CPU
		{5D744CEF-E3AC-4190-A906-B3D6C954108C}.Release|Any CPU.ActiveCfg = Release|Any CPU
		{5D744CEF-E3AC-4190-A906-B3D6C954108C}.Release|Any CPU.Build.0 = Release|Any CPU
		{03A87145-E470-4AF9-B971-9A6259FE61EF}.Debug|Any CPU.ActiveCfg = Debug|Any CPU
		{03A87145-E470-4AF9-B971-9A6259FE61EF}.Debug|Any CPU.Build.0 = Debug|Any CPU
		{03A87145-E470-4AF9-B971-9A6259FE61EF}.Release|Any CPU.ActiveCfg = Release|Any CPU
		{03A87145-E470-4AF9-B971-9A6259FE61EF}.Release|Any CPU.Build.0 = Release|Any CPU
		{C6CD9C42-9067-4BAC-9BB2-ED4E7ED17374}.Debug|Any CPU.ActiveCfg = Debug|Any CPU
		{C6CD9C42-9067-4BAC-9BB2-ED4E7ED17374}.Debug|Any CPU.Build.0 = Debug|Any CPU
		{C6CD9C42-9067-4BAC-9BB2-ED4E7ED17374}.Release|Any CPU.ActiveCfg = Release|Any CPU
		{C6CD9C42-9067-4BAC-9BB2-ED4E7ED17374}.Release|Any CPU.Build.0 = Release|Any CPU
		{363944DD-D834-43EE-8E2C-A0BDAFD81B44}.Debug|Any CPU.ActiveCfg = Debug|Any CPU
		{363944DD-D834-43EE-8E2C-A0BDAFD81B44}.Debug|Any CPU.Build.0 = Debug|Any CPU
		{363944DD-D834-43EE-8E2C-A0BDAFD81B44}.Release|Any CPU.ActiveCfg = Release|Any CPU
		{363944DD-D834-43EE-8E2C-A0BDAFD81B44}.Release|Any CPU.Build.0 = Release|Any CPU
		{A1E7587E-5ECD-4040-BCD0-E9A98FA64F74}.Debug|Any CPU.ActiveCfg = Debug|Any CPU
		{A1E7587E-5ECD-4040-BCD0-E9A98FA64F74}.Debug|Any CPU.Build.0 = Debug|Any CPU
		{A1E7587E-5ECD-4040-BCD0-E9A98FA64F74}.Release|Any CPU.ActiveCfg = Release|Any CPU
		{A1E7587E-5ECD-4040-BCD0-E9A98FA64F74}.Release|Any CPU.Build.0 = Release|Any CPU
		{F9BFB84E-DFA0-4DDB-B34E-A7D5BCD289AA}.Debug|Any CPU.ActiveCfg = Debug|Any CPU
		{F9BFB84E-DFA0-4DDB-B34E-A7D5BCD289AA}.Debug|Any CPU.Build.0 = Debug|Any CPU
		{F9BFB84E-DFA0-4DDB-B34E-A7D5BCD289AA}.Release|Any CPU.ActiveCfg = Release|Any CPU
		{F9BFB84E-DFA0-4DDB-B34E-A7D5BCD289AA}.Release|Any CPU.Build.0 = Release|Any CPU
	EndGlobalSection
	GlobalSection(SolutionProperties) = preSolution
		HideSolutionNode = FALSE
	EndGlobalSection
	GlobalSection(NestedProjects) = preSolution
		{B92A96A3-BC01-4A4C-94DA-96ACB9938BEA} = {2257A532-52F6-4532-8547-E8BE97BFD209}
		{663FD9F3-4331-4AE1-BB41-3EB2F3ABBE75} = {2257A532-52F6-4532-8547-E8BE97BFD209}
		{5D744CEF-E3AC-4190-A906-B3D6C954108C} = {3AD27A8E-7029-44BE-8E44-6177B133A5D9}
		{03A87145-E470-4AF9-B971-9A6259FE61EF} = {3AD27A8E-7029-44BE-8E44-6177B133A5D9}
		{C6CD9C42-9067-4BAC-9BB2-ED4E7ED17374} = {76B68DC1-D614-43EF-B578-7A858C901AF7}
		{363944DD-D834-43EE-8E2C-A0BDAFD81B44} = {76B68DC1-D614-43EF-B578-7A858C901AF7}
		{A1E7587E-5ECD-4040-BCD0-E9A98FA64F74} = {5BADBCBC-CC76-4B4A-A7EA-A264F3668836}
		{F9BFB84E-DFA0-4DDB-B34E-A7D5BCD289AA} = {5BADBCBC-CC76-4B4A-A7EA-A264F3668836}
	EndGlobalSection
EndGlobal
